// !$*UTF8*$!
{
	archiveVersion = 1;
	classes = {
	};
	objectVersion = 46;
	objects = {

/* Begin PBXBuildFile section */
		CE2D673718B96B6E00A71C43 /* DetailsViewController.m in Sources */ = {isa = PBXBuildFile; fileRef = CE2D673518B96B6E00A71C43 /* DetailsViewController.m */; };
		CE2D673818B96B6E00A71C43 /* DetailsViewController.xib in Resources */ = {isa = PBXBuildFile; fileRef = CE2D673618B96B6E00A71C43 /* DetailsViewController.xib */; };
		CE606DB918B9026200408547 /* Foundation.framework in Frameworks */ = {isa = PBXBuildFile; fileRef = CE606DB818B9026200408547 /* Foundation.framework */; };
		CE606DBB18B9026200408547 /* CoreGraphics.framework in Frameworks */ = {isa = PBXBuildFile; fileRef = CE606DBA18B9026200408547 /* CoreGraphics.framework */; };
		CE606DBD18B9026200408547 /* UIKit.framework in Frameworks */ = {isa = PBXBuildFile; fileRef = CE606DBC18B9026200408547 /* UIKit.framework */; };
		CE606DC318B9026200408547 /* InfoPlist.strings in Resources */ = {isa = PBXBuildFile; fileRef = CE606DC118B9026200408547 /* InfoPlist.strings */; };
		CE606DC518B9026200408547 /* main.m in Sources */ = {isa = PBXBuildFile; fileRef = CE606DC418B9026200408547 /* main.m */; };
		CE606DC918B9026200408547 /* AppDelegate.m in Sources */ = {isa = PBXBuildFile; fileRef = CE606DC818B9026200408547 /* AppDelegate.m */; };
		CE606DCB18B9026200408547 /* Images.xcassets in Resources */ = {isa = PBXBuildFile; fileRef = CE606DCA18B9026200408547 /* Images.xcassets */; };
		CE606DD218B9026200408547 /* XCTest.framework in Frameworks */ = {isa = PBXBuildFile; fileRef = CE606DD118B9026200408547 /* XCTest.framework */; };
		CE606DD318B9026200408547 /* Foundation.framework in Frameworks */ = {isa = PBXBuildFile; fileRef = CE606DB818B9026200408547 /* Foundation.framework */; };
		CE606DD418B9026200408547 /* UIKit.framework in Frameworks */ = {isa = PBXBuildFile; fileRef = CE606DBC18B9026200408547 /* UIKit.framework */; };
		CE606DDC18B9026200408547 /* InfoPlist.strings in Resources */ = {isa = PBXBuildFile; fileRef = CE606DDA18B9026200408547 /* InfoPlist.strings */; };
		CE606DDE18B9026200408547 /* NoWorriesTests.m in Sources */ = {isa = PBXBuildFile; fileRef = CE606DDD18B9026200408547 /* NoWorriesTests.m */; };
		CE606DEF18B9158D00408547 /* TripViewController.m in Sources */ = {isa = PBXBuildFile; fileRef = CE606DED18B9158D00408547 /* TripViewController.m */; };
		CE606DF018B9158D00408547 /* TripViewController.xib in Resources */ = {isa = PBXBuildFile; fileRef = CE606DEE18B9158D00408547 /* TripViewController.xib */; };
		CE606DF418B91D3F00408547 /* CarViewController.m in Sources */ = {isa = PBXBuildFile; fileRef = CE606DF218B91D3F00408547 /* CarViewController.m */; };
		CE606DF518B91D3F00408547 /* CarViewController.xib in Resources */ = {isa = PBXBuildFile; fileRef = CE606DF318B91D3F00408547 /* CarViewController.xib */; };
		CE606DF918B93D3300408547 /* SettingsViewController.m in Sources */ = {isa = PBXBuildFile; fileRef = CE606DF718B93D3300408547 /* SettingsViewController.m */; };
		CE606DFA18B93D3300408547 /* SettingsViewController.xib in Resources */ = {isa = PBXBuildFile; fileRef = CE606DF818B93D3300408547 /* SettingsViewController.xib */; };
		FBA0A645005D4D9B84C7A1FF /* libPods.a in Frameworks */ = {isa = PBXBuildFile; fileRef = 6C700C1B82634EAB9487DE7C /* libPods.a */; };
/* End PBXBuildFile section */

/* Begin PBXContainerItemProxy section */
		CE606DD518B9026200408547 /* PBXContainerItemProxy */ = {
			isa = PBXContainerItemProxy;
			containerPortal = CE606DAD18B9026200408547 /* Project object */;
			proxyType = 1;
			remoteGlobalIDString = CE606DB418B9026200408547;
			remoteInfo = NoWorries;
		};
/* End PBXContainerItemProxy section */

/* Begin PBXFileReference section */
		6C700C1B82634EAB9487DE7C /* libPods.a */ = {isa = PBXFileReference; explicitFileType = archive.ar; includeInIndex = 0; path = libPods.a; sourceTree = BUILT_PRODUCTS_DIR; };
		ADAED1DEFA1840A286DBB4E1 /* Pods.xcconfig */ = {isa = PBXFileReference; includeInIndex = 1; lastKnownFileType = text.xcconfig; name = Pods.xcconfig; path = Pods/Pods.xcconfig; sourceTree = "<group>"; };
		CE2D673418B96B6E00A71C43 /* DetailsViewController.h */ = {isa = PBXFileReference; fileEncoding = 4; lastKnownFileType = sourcecode.c.h; path = DetailsViewController.h; sourceTree = "<group>"; };
		CE2D673518B96B6E00A71C43 /* DetailsViewController.m */ = {isa = PBXFileReference; fileEncoding = 4; lastKnownFileType = sourcecode.c.objc; path = DetailsViewController.m; sourceTree = "<group>"; };
		CE2D673618B96B6E00A71C43 /* DetailsViewController.xib */ = {isa = PBXFileReference; fileEncoding = 4; lastKnownFileType = file.xib; path = DetailsViewController.xib; sourceTree = "<group>"; };
		CE606DB518B9026200408547 /* NoWorries.app */ = {isa = PBXFileReference; explicitFileType = wrapper.application; includeInIndex = 0; path = NoWorries.app; sourceTree = BUILT_PRODUCTS_DIR; };
		CE606DB818B9026200408547 /* Foundation.framework */ = {isa = PBXFileReference; lastKnownFileType = wrapper.framework; name = Foundation.framework; path = System/Library/Frameworks/Foundation.framework; sourceTree = SDKROOT; };
		CE606DBA18B9026200408547 /* CoreGraphics.framework */ = {isa = PBXFileReference; lastKnownFileType = wrapper.framework; name = CoreGraphics.framework; path = System/Library/Frameworks/CoreGraphics.framework; sourceTree = SDKROOT; };
		CE606DBC18B9026200408547 /* UIKit.framework */ = {isa = PBXFileReference; lastKnownFileType = wrapper.framework; name = UIKit.framework; path = System/Library/Frameworks/UIKit.framework; sourceTree = SDKROOT; };
		CE606DC018B9026200408547 /* NoWorries-Info.plist */ = {isa = PBXFileReference; lastKnownFileType = text.plist.xml; path = "NoWorries-Info.plist"; sourceTree = "<group>"; };
		CE606DC218B9026200408547 /* en */ = {isa = PBXFileReference; lastKnownFileType = text.plist.strings; name = en; path = en.lproj/InfoPlist.strings; sourceTree = "<group>"; };
		CE606DC418B9026200408547 /* main.m */ = {isa = PBXFileReference; lastKnownFileType = sourcecode.c.objc; path = main.m; sourceTree = "<group>"; };
		CE606DC618B9026200408547 /* NoWorries-Prefix.pch */ = {isa = PBXFileReference; lastKnownFileType = sourcecode.c.h; path = "NoWorries-Prefix.pch"; sourceTree = "<group>"; };
		CE606DC718B9026200408547 /* AppDelegate.h */ = {isa = PBXFileReference; lastKnownFileType = sourcecode.c.h; path = AppDelegate.h; sourceTree = "<group>"; };
		CE606DC818B9026200408547 /* AppDelegate.m */ = {isa = PBXFileReference; lastKnownFileType = sourcecode.c.objc; path = AppDelegate.m; sourceTree = "<group>"; };
		CE606DCA18B9026200408547 /* Images.xcassets */ = {isa = PBXFileReference; lastKnownFileType = folder.assetcatalog; path = Images.xcassets; sourceTree = "<group>"; };
		CE606DD018B9026200408547 /* NoWorriesTests.xctest */ = {isa = PBXFileReference; explicitFileType = wrapper.cfbundle; includeInIndex = 0; path = NoWorriesTests.xctest; sourceTree = BUILT_PRODUCTS_DIR; };
		CE606DD118B9026200408547 /* XCTest.framework */ = {isa = PBXFileReference; lastKnownFileType = wrapper.framework; name = XCTest.framework; path = Library/Frameworks/XCTest.framework; sourceTree = DEVELOPER_DIR; };
		CE606DD918B9026200408547 /* NoWorriesTests-Info.plist */ = {isa = PBXFileReference; lastKnownFileType = text.plist.xml; path = "NoWorriesTests-Info.plist"; sourceTree = "<group>"; };
		CE606DDB18B9026200408547 /* en */ = {isa = PBXFileReference; lastKnownFileType = text.plist.strings; name = en; path = en.lproj/InfoPlist.strings; sourceTree = "<group>"; };
		CE606DDD18B9026200408547 /* NoWorriesTests.m */ = {isa = PBXFileReference; lastKnownFileType = sourcecode.c.objc; path = NoWorriesTests.m; sourceTree = "<group>"; };
		CE606DEC18B9158D00408547 /* TripViewController.h */ = {isa = PBXFileReference; fileEncoding = 4; lastKnownFileType = sourcecode.c.h; path = TripViewController.h; sourceTree = "<group>"; };
		CE606DED18B9158D00408547 /* TripViewController.m */ = {isa = PBXFileReference; fileEncoding = 4; lastKnownFileType = sourcecode.c.objc; path = TripViewController.m; sourceTree = "<group>"; };
		CE606DEE18B9158D00408547 /* TripViewController.xib */ = {isa = PBXFileReference; fileEncoding = 4; lastKnownFileType = file.xib; path = TripViewController.xib; sourceTree = "<group>"; };
		CE606DF118B91D3F00408547 /* CarViewController.h */ = {isa = PBXFileReference; fileEncoding = 4; lastKnownFileType = sourcecode.c.h; path = CarViewController.h; sourceTree = "<group>"; };
		CE606DF218B91D3F00408547 /* CarViewController.m */ = {isa = PBXFileReference; fileEncoding = 4; lastKnownFileType = sourcecode.c.objc; path = CarViewController.m; sourceTree = "<group>"; };
		CE606DF318B91D3F00408547 /* CarViewController.xib */ = {isa = PBXFileReference; fileEncoding = 4; lastKnownFileType = file.xib; path = CarViewController.xib; sourceTree = "<group>"; };
		CE606DF618B93D3300408547 /* SettingsViewController.h */ = {isa = PBXFileReference; fileEncoding = 4; lastKnownFileType = sourcecode.c.h; path = SettingsViewController.h; sourceTree = "<group>"; };
		CE606DF718B93D3300408547 /* SettingsViewController.m */ = {isa = PBXFileReference; fileEncoding = 4; lastKnownFileType = sourcecode.c.objc; path = SettingsViewController.m; sourceTree = "<group>"; };
		CE606DF818B93D3300408547 /* SettingsViewController.xib */ = {isa = PBXFileReference; fileEncoding = 4; lastKnownFileType = file.xib; path = SettingsViewController.xib; sourceTree = "<group>"; };
/* End PBXFileReference section */

/* Begin PBXFrameworksBuildPhase section */
		CE606DB218B9026200408547 /* Frameworks */ = {
			isa = PBXFrameworksBuildPhase;
			buildActionMask = 2147483647;
			files = (
				CE606DBB18B9026200408547 /* CoreGraphics.framework in Frameworks */,
				CE606DBD18B9026200408547 /* UIKit.framework in Frameworks */,
				CE606DB918B9026200408547 /* Foundation.framework in Frameworks */,
				FBA0A645005D4D9B84C7A1FF /* libPods.a in Frameworks */,
			);
			runOnlyForDeploymentPostprocessing = 0;
		};
		CE606DCD18B9026200408547 /* Frameworks */ = {
			isa = PBXFrameworksBuildPhase;
			buildActionMask = 2147483647;
			files = (
				CE606DD218B9026200408547 /* XCTest.framework in Frameworks */,
				CE606DD418B9026200408547 /* UIKit.framework in Frameworks */,
				CE606DD318B9026200408547 /* Foundation.framework in Frameworks */,
			);
			runOnlyForDeploymentPostprocessing = 0;
		};
/* End PBXFrameworksBuildPhase section */

/* Begin PBXGroup section */
		CE606DAC18B9026200408547 = {
			isa = PBXGroup;
			children = (
				CE606DBE18B9026200408547 /* NoWorries */,
				CE606DD718B9026200408547 /* NoWorriesTests */,
				CE606DB718B9026200408547 /* Frameworks */,
				CE606DB618B9026200408547 /* Products */,
				ADAED1DEFA1840A286DBB4E1 /* Pods.xcconfig */,
			);
			sourceTree = "<group>";
		};
		CE606DB618B9026200408547 /* Products */ = {
			isa = PBXGroup;
			children = (
				CE606DB518B9026200408547 /* NoWorries.app */,
				CE606DD018B9026200408547 /* NoWorriesTests.xctest */,
			);
			name = Products;
			sourceTree = "<group>";
		};
		CE606DB718B9026200408547 /* Frameworks */ = {
			isa = PBXGroup;
			children = (
				CE606DB818B9026200408547 /* Foundation.framework */,
				CE606DBA18B9026200408547 /* CoreGraphics.framework */,
				CE606DBC18B9026200408547 /* UIKit.framework */,
				CE606DD118B9026200408547 /* XCTest.framework */,
				6C700C1B82634EAB9487DE7C /* libPods.a */,
			);
			name = Frameworks;
			sourceTree = "<group>";
		};
		CE606DBE18B9026200408547 /* NoWorries */ = {
			isa = PBXGroup;
			children = (
				CE606DC718B9026200408547 /* AppDelegate.h */,
				CE606DC818B9026200408547 /* AppDelegate.m */,
				CE606DCA18B9026200408547 /* Images.xcassets */,
				CE606DBF18B9026200408547 /* Supporting Files */,
				CE606DEC18B9158D00408547 /* TripViewController.h */,
				CE606DED18B9158D00408547 /* TripViewController.m */,
				CE606DEE18B9158D00408547 /* TripViewController.xib */,
				CE606DF118B91D3F00408547 /* CarViewController.h */,
				CE606DF218B91D3F00408547 /* CarViewController.m */,
				CE606DF318B91D3F00408547 /* CarViewController.xib */,
				CE606DF618B93D3300408547 /* SettingsViewController.h */,
				CE606DF718B93D3300408547 /* SettingsViewController.m */,
				CE606DF818B93D3300408547 /* SettingsViewController.xib */,
				CE2D673418B96B6E00A71C43 /* DetailsViewController.h */,
				CE2D673518B96B6E00A71C43 /* DetailsViewController.m */,
				CE2D673618B96B6E00A71C43 /* DetailsViewController.xib */,
			);
			path = NoWorries;
			sourceTree = "<group>";
		};
		CE606DBF18B9026200408547 /* Supporting Files */ = {
			isa = PBXGroup;
			children = (
				CE606DC018B9026200408547 /* NoWorries-Info.plist */,
				CE606DC118B9026200408547 /* InfoPlist.strings */,
				CE606DC418B9026200408547 /* main.m */,
				CE606DC618B9026200408547 /* NoWorries-Prefix.pch */,
			);
			name = "Supporting Files";
			sourceTree = "<group>";
		};
		CE606DD718B9026200408547 /* NoWorriesTests */ = {
			isa = PBXGroup;
			children = (
				CE606DDD18B9026200408547 /* NoWorriesTests.m */,
				CE606DD818B9026200408547 /* Supporting Files */,
			);
			path = NoWorriesTests;
			sourceTree = "<group>";
		};
		CE606DD818B9026200408547 /* Supporting Files */ = {
			isa = PBXGroup;
			children = (
				CE606DD918B9026200408547 /* NoWorriesTests-Info.plist */,
				CE606DDA18B9026200408547 /* InfoPlist.strings */,
			);
			name = "Supporting Files";
			sourceTree = "<group>";
		};
/* End PBXGroup section */

/* Begin PBXNativeTarget section */
		CE606DB418B9026200408547 /* NoWorries */ = {
			isa = PBXNativeTarget;
			buildConfigurationList = CE606DE118B9026200408547 /* Build configuration list for PBXNativeTarget "NoWorries" */;
			buildPhases = (
				8FEE238F44754EECAA832C2A /* Check Pods Manifest.lock */,
				CE606DB118B9026200408547 /* Sources */,
				CE606DB218B9026200408547 /* Frameworks */,
				CE606DB318B9026200408547 /* Resources */,
				AC961F69DEEC44B3A70D7A55 /* Copy Pods Resources */,
			);
			buildRules = (
			);
			dependencies = (
			);
			name = NoWorries;
			productName = NoWorries;
			productReference = CE606DB518B9026200408547 /* NoWorries.app */;
			productType = "com.apple.product-type.application";
		};
		CE606DCF18B9026200408547 /* NoWorriesTests */ = {
			isa = PBXNativeTarget;
			buildConfigurationList = CE606DE418B9026200408547 /* Build configuration list for PBXNativeTarget "NoWorriesTests" */;
			buildPhases = (
				CE606DCC18B9026200408547 /* Sources */,
				CE606DCD18B9026200408547 /* Frameworks */,
				CE606DCE18B9026200408547 /* Resources */,
			);
			buildRules = (
			);
			dependencies = (
				CE606DD618B9026200408547 /* PBXTargetDependency */,
			);
			name = NoWorriesTests;
			productName = NoWorriesTests;
			productReference = CE606DD018B9026200408547 /* NoWorriesTests.xctest */;
			productType = "com.apple.product-type.bundle.unit-test";
		};
/* End PBXNativeTarget section */

/* Begin PBXProject section */
		CE606DAD18B9026200408547 /* Project object */ = {
			isa = PBXProject;
			attributes = {
				LastUpgradeCheck = 0500;
				ORGANIZATIONNAME = user;
				TargetAttributes = {
					CE606DCF18B9026200408547 = {
						TestTargetID = CE606DB418B9026200408547;
					};
				};
			};
			buildConfigurationList = CE606DB018B9026200408547 /* Build configuration list for PBXProject "NoWorries" */;
			compatibilityVersion = "Xcode 3.2";
			developmentRegion = English;
			hasScannedForEncodings = 0;
			knownRegions = (
				en,
			);
			mainGroup = CE606DAC18B9026200408547;
			productRefGroup = CE606DB618B9026200408547 /* Products */;
			projectDirPath = "";
			projectRoot = "";
			targets = (
				CE606DB418B9026200408547 /* NoWorries */,
				CE606DCF18B9026200408547 /* NoWorriesTests */,
			);
		};
/* End PBXProject section */

/* Begin PBXResourcesBuildPhase section */
		CE606DB318B9026200408547 /* Resources */ = {
			isa = PBXResourcesBuildPhase;
			buildActionMask = 2147483647;
			files = (
				CE606DC318B9026200408547 /* InfoPlist.strings in Resources */,
				CE606DF018B9158D00408547 /* TripViewController.xib in Resources */,
				CE606DCB18B9026200408547 /* Images.xcassets in Resources */,
				CE606DF518B91D3F00408547 /* CarViewController.xib in Resources */,
				CE606DFA18B93D3300408547 /* SettingsViewController.xib in Resources */,
				CE2D673818B96B6E00A71C43 /* DetailsViewController.xib in Resources */,
			);
			runOnlyForDeploymentPostprocessing = 0;
		};
		CE606DCE18B9026200408547 /* Resources */ = {
			isa = PBXResourcesBuildPhase;
			buildActionMask = 2147483647;
			files = (
				CE606DDC18B9026200408547 /* InfoPlist.strings in Resources */,
			);
			runOnlyForDeploymentPostprocessing = 0;
		};
/* End PBXResourcesBuildPhase section */

/* Begin PBXShellScriptBuildPhase section */
		8FEE238F44754EECAA832C2A /* Check Pods Manifest.lock */ = {
			isa = PBXShellScriptBuildPhase;
			buildActionMask = 2147483647;
			files = (
			);
			inputPaths = (
			);
			name = "Check Pods Manifest.lock";
			outputPaths = (
			);
			runOnlyForDeploymentPostprocessing = 0;
			shellPath = /bin/sh;
			shellScript = "diff \"${PODS_ROOT}/../Podfile.lock\" \"${PODS_ROOT}/Manifest.lock\" > /dev/null\nif [[ $? != 0 ]] ; then\n    cat << EOM\nerror: The sandbox is not in sync with the Podfile.lock. Run 'pod install' or update your CocoaPods installation.\nEOM\n    exit 1\nfi\n";
			showEnvVarsInLog = 0;
		};
		AC961F69DEEC44B3A70D7A55 /* Copy Pods Resources */ = {
			isa = PBXShellScriptBuildPhase;
			buildActionMask = 2147483647;
			files = (
			);
			inputPaths = (
			);
			name = "Copy Pods Resources";
			outputPaths = (
			);
			runOnlyForDeploymentPostprocessing = 0;
			shellPath = /bin/sh;
			shellScript = "\"${SRCROOT}/Pods/Pods-resources.sh\"\n";
			showEnvVarsInLog = 0;
		};
/* End PBXShellScriptBuildPhase section */

/* Begin PBXSourcesBuildPhase section */
		CE606DB118B9026200408547 /* Sources */ = {
			isa = PBXSourcesBuildPhase;
			buildActionMask = 2147483647;
			files = (
				CE606DC918B9026200408547 /* AppDelegate.m in Sources */,
				CE606DEF18B9158D00408547 /* TripViewController.m in Sources */,
				CE606DF918B93D3300408547 /* SettingsViewController.m in Sources */,
				CE2D673718B96B6E00A71C43 /* DetailsViewController.m in Sources */,
				CE606DC518B9026200408547 /* main.m in Sources */,
				CE606DF418B91D3F00408547 /* CarViewController.m in Sources */,
			);
			runOnlyForDeploymentPostprocessing = 0;
		};
		CE606DCC18B9026200408547 /* Sources */ = {
			isa = PBXSourcesBuildPhase;
			buildActionMask = 2147483647;
			files = (
				CE606DDE18B9026200408547 /* NoWorriesTests.m in Sources */,
			);
			runOnlyForDeploymentPostprocessing = 0;
		};
/* End PBXSourcesBuildPhase section */

/* Begin PBXTargetDependency section */
		CE606DD618B9026200408547 /* PBXTargetDependency */ = {
			isa = PBXTargetDependency;
			target = CE606DB418B9026200408547 /* NoWorries */;
			targetProxy = CE606DD518B9026200408547 /* PBXContainerItemProxy */;
		};
/* End PBXTargetDependency section */

/* Begin PBXVariantGroup section */
		CE606DC118B9026200408547 /* InfoPlist.strings */ = {
			isa = PBXVariantGroup;
			children = (
				CE606DC218B9026200408547 /* en */,
			);
			name = InfoPlist.strings;
			sourceTree = "<group>";
		};
		CE606DDA18B9026200408547 /* InfoPlist.strings */ = {
			isa = PBXVariantGroup;
			children = (
				CE606DDB18B9026200408547 /* en */,
			);
			name = InfoPlist.strings;
			sourceTree = "<group>";
		};
/* End PBXVariantGroup section */

/* Begin XCBuildConfiguration section */
		CE606DDF18B9026200408547 /* Debug */ = {
			isa = XCBuildConfiguration;
			buildSettings = {
				ALWAYS_SEARCH_USER_PATHS = NO;
				ARCHS = "$(ARCHS_STANDARD_INCLUDING_64_BIT)";
				CLANG_CXX_LANGUAGE_STANDARD = "gnu++0x";
				CLANG_CXX_LIBRARY = "libc++";
				CLANG_ENABLE_MODULES = YES;
				CLANG_ENABLE_OBJC_ARC = YES;
				CLANG_WARN_BOOL_CONVERSION = YES;
				CLANG_WARN_CONSTANT_CONVERSION = YES;
				CLANG_WARN_DIRECT_OBJC_ISA_USAGE = YES_ERROR;
				CLANG_WARN_EMPTY_BODY = YES;
				CLANG_WARN_ENUM_CONVERSION = YES;
				CLANG_WARN_INT_CONVERSION = YES;
				CLANG_WARN_OBJC_ROOT_CLASS = YES_ERROR;
				CLANG_WARN__DUPLICATE_METHOD_MATCH = YES;
				"CODE_SIGN_IDENTITY[sdk=iphoneos*]" = "iPhone Developer";
				COPY_PHASE_STRIP = NO;
				GCC_C_LANGUAGE_STANDARD = gnu99;
				GCC_DYNAMIC_NO_PIC = NO;
				GCC_OPTIMIZATION_LEVEL = 0;
				GCC_PREPROCESSOR_DEFINITIONS = (
					"DEBUG=1",
					"$(inherited)",
				);
				GCC_SYMBOLS_PRIVATE_EXTERN = NO;
				GCC_WARN_64_TO_32_BIT_CONVERSION = YES;
				GCC_WARN_ABOUT_RETURN_TYPE = YES_ERROR;
				GCC_WARN_UNDECLARED_SELECTOR = YES;
				GCC_WARN_UNINITIALIZED_AUTOS = YES;
				GCC_WARN_UNUSED_FUNCTION = YES;
				GCC_WARN_UNUSED_VARIABLE = YES;
				IPHONEOS_DEPLOYMENT_TARGET = 7.0;
				ONLY_ACTIVE_ARCH = YES;
				SDKROOT = iphoneos;
			};
			name = Debug;
		};
		CE606DE018B9026200408547 /* Release */ = {
			isa = XCBuildConfiguration;
			buildSettings = {
				ALWAYS_SEARCH_USER_PATHS = NO;
				ARCHS = "$(ARCHS_STANDARD_INCLUDING_64_BIT)";
				CLANG_CXX_LANGUAGE_STANDARD = "gnu++0x";
				CLANG_CXX_LIBRARY = "libc++";
				CLANG_ENABLE_MODULES = YES;
				CLANG_ENABLE_OBJC_ARC = YES;
				CLANG_WARN_BOOL_CONVERSION = YES;
				CLANG_WARN_CONSTANT_CONVERSION = YES;
				CLANG_WARN_DIRECT_OBJC_ISA_USAGE = YES_ERROR;
				CLANG_WARN_EMPTY_BODY = YES;
				CLANG_WARN_ENUM_CONVERSION = YES;
				CLANG_WARN_INT_CONVERSION = YES;
				CLANG_WARN_OBJC_ROOT_CLASS = YES_ERROR;
				CLANG_WARN__DUPLICATE_METHOD_MATCH = YES;
				"CODE_SIGN_IDENTITY[sdk=iphoneos*]" = "iPhone Developer";
				COPY_PHASE_STRIP = YES;
				ENABLE_NS_ASSERTIONS = NO;
				GCC_C_LANGUAGE_STANDARD = gnu99;
				GCC_WARN_64_TO_32_BIT_CONVERSION = YES;
				GCC_WARN_ABOUT_RETURN_TYPE = YES_ERROR;
				GCC_WARN_UNDECLARED_SELECTOR = YES;
				GCC_WARN_UNINITIALIZED_AUTOS = YES;
				GCC_WARN_UNUSED_FUNCTION = YES;
				GCC_WARN_UNUSED_VARIABLE = YES;
				IPHONEOS_DEPLOYMENT_TARGET = 7.0;
				SDKROOT = iphoneos;
				VALIDATE_PRODUCT = YES;
			};
			name = Release;
		};
		CE606DE218B9026200408547 /* Debug */ = {
			isa = XCBuildConfiguration;
			baseConfigurationReference = ADAED1DEFA1840A286DBB4E1 /* Pods.xcconfig */;
			buildSettings = {
				ASSETCATALOG_COMPILER_APPICON_NAME = AppIcon;
				ASSETCATALOG_COMPILER_LAUNCHIMAGE_NAME = LaunchImage;
				GCC_PRECOMPILE_PREFIX_HEADER = YES;
				GCC_PREFIX_HEADER = "NoWorries/NoWorries-Prefix.pch";
				INFOPLIST_FILE = "NoWorries/NoWorries-Info.plist";
				PRODUCT_NAME = "$(TARGET_NAME)";
				WRAPPER_EXTENSION = app;
			};
			name = Debug;
		};
		CE606DE318B9026200408547 /* Release */ = {
			isa = XCBuildConfiguration;
			baseConfigurationReference = ADAED1DEFA1840A286DBB4E1 /* Pods.xcconfig */;
			buildSettings = {
				ASSETCATALOG_COMPILER_APPICON_NAME = AppIcon;
				ASSETCATALOG_COMPILER_LAUNCHIMAGE_NAME = LaunchImage;
				GCC_PRECOMPILE_PREFIX_HEADER = YES;
				GCC_PREFIX_HEADER = "NoWorries/NoWorries-Prefix.pch";
				INFOPLIST_FILE = "NoWorries/NoWorries-Info.plist";
				PRODUCT_NAME = "$(TARGET_NAME)";
				WRAPPER_EXTENSION = app;
			};
			name = Release;
		};
		CE606DE518B9026200408547 /* Debug */ = {
			isa = XCBuildConfiguration;
			buildSettings = {
				ARCHS = "$(ARCHS_STANDARD_INCLUDING_64_BIT)";
				BUNDLE_LOADER = "$(BUILT_PRODUCTS_DIR)/NoWorries.app/NoWorries";
				FRAMEWORK_SEARCH_PATHS = (
					"$(SDKROOT)/Developer/Library/Frameworks",
					"$(inherited)",
					"$(DEVELOPER_FRAMEWORKS_DIR)",
				);
				GCC_PRECOMPILE_PREFIX_HEADER = YES;
				GCC_PREFIX_HEADER = "NoWorries/NoWorries-Prefix.pch";
				GCC_PREPROCESSOR_DEFINITIONS = (
					"DEBUG=1",
					"$(inherited)",
				);
				INFOPLIST_FILE = "NoWorriesTests/NoWorriesTests-Info.plist";
				PRODUCT_NAME = "$(TARGET_NAME)";
				TEST_HOST = "$(BUNDLE_LOADER)";
				WRAPPER_EXTENSION = xctest;
			};
			name = Debug;
		};
		CE606DE618B9026200408547 /* Release */ = {
			isa = XCBuildConfiguration;
			buildSettings = {
				ARCHS = "$(ARCHS_STANDARD_INCLUDING_64_BIT)";
				BUNDLE_LOADER = "$(BUILT_PRODUCTS_DIR)/NoWorries.app/NoWorries";
				FRAMEWORK_SEARCH_PATHS = (
					"$(SDKROOT)/Developer/Library/Frameworks",
					"$(inherited)",
					"$(DEVELOPER_FRAMEWORKS_DIR)",
				);
				GCC_PRECOMPILE_PREFIX_HEADER = YES;
				GCC_PREFIX_HEADER = "NoWorries/NoWorries-Prefix.pch";
				INFOPLIST_FILE = "NoWorriesTests/NoWorriesTests-Info.plist";
				PRODUCT_NAME = "$(TARGET_NAME)";
				TEST_HOST = "$(BUNDLE_LOADER)";
				WRAPPER_EXTENSION = xctest;
			};
			name = Release;
		};
/* End XCBuildConfiguration section */

/* Begin XCConfigurationList section */
		CE606DB018B9026200408547 /* Build configuration list for PBXProject "NoWorries" */ = {
			isa = XCConfigurationList;
			buildConfigurations = (
				CE606DDF18B9026200408547 /* Debug */,
				CE606DE018B9026200408547 /* Release */,
			);
			defaultConfigurationIsVisible = 0;
			defaultConfigurationName = Release;
		};
		CE606DE118B9026200408547 /* Build configuration list for PBXNativeTarget "NoWorries" */ = {
			isa = XCConfigurationList;
			buildConfigurations = (
				CE606DE218B9026200408547 /* Debug */,
				CE606DE318B9026200408547 /* Release */,
			);
			defaultConfigurationIsVisible = 0;
			defaultConfigurationName = Release;
		};
		CE606DE418B9026200408547 /* Build configuration list for PBXNativeTarget "NoWorriesTests" */ = {
			isa = XCConfigurationList;
			buildConfigurations = (
				CE606DE518B9026200408547 /* Debug */,
				CE606DE618B9026200408547 /* Release */,
			);
			defaultConfigurationIsVisible = 0;
			defaultConfigurationName = Release;
		};
/* End XCConfigurationList section */
	};
	rootObject = CE606DAD18B9026200408547 /* Project object */;
}
